
Microsoft Visual Studio Solution File, Format Version 12.00
# Visual Studio Version 16
VisualStudioVersion = 16.0.29609.76
MinimumVisualStudioVersion = 10.0.40219.1
Project("{FAE04EC0-301F-11D3-BF4B-00C04F79EFBC}") = "WiLink", "WiLink\WiLink.csproj", "{513CD9BA-A26A-40D1-B280-46190EB14448}"
EndProject
Global
	GlobalSection(SolutionConfigurationPlatforms) = preSolution
		Debug|Any CPU = Debug|Any CPU
		Release|Any CPU = Release|Any CPU
	EndGlobalSection
	GlobalSection(ProjectConfigurationPlatforms) = postSolution
		{513CD9BA-A26A-40D1-B280-46190EB14448}.Debug|Any CPU.ActiveCfg = Debug|Any CPU
		{513CD9BA-A26A-40D1-B280-46190EB14448}.Debug|Any CPU.Build.0 = Debug|Any CPU
		{513CD9BA-A26A-40D1-B280-46190EB14448}.Release|Any CPU.ActiveCfg = Release|Any CPU
		{513CD9BA-A26A-40D1-B280-46190EB14448}.Release|Any CPU.Build.0 = Release|Any CPU
	EndGlobalSection
	GlobalSection(SolutionProperties) = preSolution
		HideSolutionNode = FALSE
	EndGlobalSection
	GlobalSection(ExtensibilityGlobals) = postSolution
		SolutionGuid = {EBD3F66D-2973-4DC2-BDF2-54491513EF3F}
	EndGlobalSection
EndGlobal
